dependencies:
- condition: ""
  enabled: false
  name: worker
  repository: http://localhost:8879/charts
  tags: null
  version: 0.1.0
- condition: ""
  enabled: false
  name: kuma_api
  repository: http://localhost:8879/charts
  tags: null
  version: 0.1.0
- condition: ""
  enabled: false
  name: kuma_web
  repository: http://localhost:8879/charts
  tags: null
  version: 0.1.0
- condition: ""
  enabled: false
  name: kumascript
  repository: http://localhost:8879/charts
  tags: null
  version: 0.1.0
- condition: ""
  enabled: false
  name: elasticsearch
  repository: http://localhost:8879/charts
  tags: null
  version: 0.1.0
- condition: ""
  enabled: false
  name: mysql
  repository: http://localhost:8879/charts
  tags: null
  version: 0.1.0
- condition: ""
  enabled: false
  name: redis
  repository: https://kubernetes-charts.storage.googleapis.com
  tags: null
  version: 0.4.2
- condition: ""
  enabled: false
  name: memcached
  repository: https://kubernetes-charts.storage.googleapis.com
  tags: null
  version: 0.4.0
digest: sha256:3869855de14a1a39b3f48d0707d6474c7c0ec6d225e5dc61263c4f08d8d87023
generated: 2017-03-27T16:46:08.353984141-07:00
